
Microsoft Visual Studio Solution File, Format Version 12.00
# Visual Studio Version 16
VisualStudioVersion = 16.0.31702.278
MinimumVisualStudioVersion = 10.0.40219.1
Project("{FAE04EC0-301F-11D3-BF4B-00C04F79EFBC}") = "Task_02", "Task_02\Task_02.csproj", "{9557F9BB-D83B-4C47-A369-0E7071730C50}"
EndProject
Project("{FAE04EC0-301F-11D3-BF4B-00C04F79EFBC}") = "Task_01", "Task_01\Task_01.csproj", "{C5F20649-6737-4325-8255-8DB4609C4715}"
EndProject
Global
	GlobalSection(SolutionConfigurationPlatforms) = preSolution
		Debug|Any CPU = Debug|Any CPU
		Release|Any CPU = Release|Any CPU
	EndGlobalSection
	GlobalSection(ProjectConfigurationPlatforms) = postSolution
		{9557F9BB-D83B-4C47-A369-0E7071730C50}.Debug|Any CPU.ActiveCfg = Debug|Any CPU
		{9557F9BB-D83B-4C47-A369-0E7071730C50}.Debug|Any CPU.Build.0 = Debug|Any CPU
		{9557F9BB-D83B-4C47-A369-0E7071730C50}.Release|Any CPU.ActiveCfg = Release|Any CPU
		{9557F9BB-D83B-4C47-A369-0E7071730C50}.Release|Any CPU.Build.0 = Release|Any CPU
		{C5F20649-6737-4325-8255-8DB4609C4715}.Debug|Any CPU.ActiveCfg = Debug|Any CPU
		{C5F20649-6737-4325-8255-8DB4609C4715}.Debug|Any CPU.Build.0 = Debug|Any CPU
		{C5F20649-6737-4325-8255-8DB4609C4715}.Release|Any CPU.ActiveCfg = Release|Any CPU
		{C5F20649-6737-4325-8255-8DB4609C4715}.Release|Any CPU.Build.0 = Release|Any CPU
	EndGlobalSection
	GlobalSection(SolutionProperties) = preSolution
		HideSolutionNode = FALSE
	EndGlobalSection
	GlobalSection(ExtensibilityGlobals) = postSolution
		SolutionGuid = {10C17DB0-4451-49F5-AC57-6167C5C0E00D}
	EndGlobalSection
EndGlobal
