
Microsoft Visual Studio Solution File, Format Version 12.00
# Visual Studio Version 16
VisualStudioVersion = 16.0.31702.278
MinimumVisualStudioVersion = 10.0.40219.1
Project("{FAE04EC0-301F-11D3-BF4B-00C04F79EFBC}") = "CW_8", "CW_8\CW_8.csproj", "{B649B18C-4123-454C-9CA1-4172E64F713D}"
EndProject
Global
	GlobalSection(SolutionConfigurationPlatforms) = preSolution
		Debug|Any CPU = Debug|Any CPU
		Release|Any CPU = Release|Any CPU
	EndGlobalSection
	GlobalSection(ProjectConfigurationPlatforms) = postSolution
		{B649B18C-4123-454C-9CA1-4172E64F713D}.Debug|Any CPU.ActiveCfg = Debug|Any CPU
		{B649B18C-4123-454C-9CA1-4172E64F713D}.Debug|Any CPU.Build.0 = Debug|Any CPU
		{B649B18C-4123-454C-9CA1-4172E64F713D}.Release|Any CPU.ActiveCfg = Release|Any CPU
		{B649B18C-4123-454C-9CA1-4172E64F713D}.Release|Any CPU.Build.0 = Release|Any CPU
	EndGlobalSection
	GlobalSection(SolutionProperties) = preSolution
		HideSolutionNode = FALSE
	EndGlobalSection
	GlobalSection(ExtensibilityGlobals) = postSolution
		SolutionGuid = {C96F9705-7B8F-4EBE-92CA-BCB105BBA8DF}
	EndGlobalSection
EndGlobal
