
Microsoft Visual Studio Solution File, Format Version 12.00
# Visual Studio Version 16
VisualStudioVersion = 16.0.31702.278
MinimumVisualStudioVersion = 10.0.40219.1
Project("{FAE04EC0-301F-11D3-BF4B-00C04F79EFBC}") = "HW", "HW\HW.csproj", "{DB40A799-F44B-4A13-A8D6-E1D5266545D9}"
EndProject
Global
	GlobalSection(SolutionConfigurationPlatforms) = preSolution
		Debug|Any CPU = Debug|Any CPU
		Release|Any CPU = Release|Any CPU
	EndGlobalSection
	GlobalSection(ProjectConfigurationPlatforms) = postSolution
		{DB40A799-F44B-4A13-A8D6-E1D5266545D9}.Debug|Any CPU.ActiveCfg = Debug|Any CPU
		{DB40A799-F44B-4A13-A8D6-E1D5266545D9}.Debug|Any CPU.Build.0 = Debug|Any CPU
		{DB40A799-F44B-4A13-A8D6-E1D5266545D9}.Release|Any CPU.ActiveCfg = Release|Any CPU
		{DB40A799-F44B-4A13-A8D6-E1D5266545D9}.Release|Any CPU.Build.0 = Release|Any CPU
	EndGlobalSection
	GlobalSection(SolutionProperties) = preSolution
		HideSolutionNode = FALSE
	EndGlobalSection
	GlobalSection(ExtensibilityGlobals) = postSolution
		SolutionGuid = {643F4815-7F8C-4DFD-81B6-ACC7BFFD1B1E}
	EndGlobalSection
EndGlobal
