
Microsoft Visual Studio Solution File, Format Version 12.00
# Visual Studio Version 16
VisualStudioVersion = 16.0.31702.278
MinimumVisualStudioVersion = 10.0.40219.1
Project("{FAE04EC0-301F-11D3-BF4B-00C04F79EFBC}") = "HW", "HW\HW.csproj", "{1296BAA3-D08F-44A6-9E57-D0C3437C56D0}"
EndProject
Global
	GlobalSection(SolutionConfigurationPlatforms) = preSolution
		Debug|Any CPU = Debug|Any CPU
		Release|Any CPU = Release|Any CPU
	EndGlobalSection
	GlobalSection(ProjectConfigurationPlatforms) = postSolution
		{1296BAA3-D08F-44A6-9E57-D0C3437C56D0}.Debug|Any CPU.ActiveCfg = Debug|Any CPU
		{1296BAA3-D08F-44A6-9E57-D0C3437C56D0}.Debug|Any CPU.Build.0 = Debug|Any CPU
		{1296BAA3-D08F-44A6-9E57-D0C3437C56D0}.Release|Any CPU.ActiveCfg = Release|Any CPU
		{1296BAA3-D08F-44A6-9E57-D0C3437C56D0}.Release|Any CPU.Build.0 = Release|Any CPU
	EndGlobalSection
	GlobalSection(SolutionProperties) = preSolution
		HideSolutionNode = FALSE
	EndGlobalSection
	GlobalSection(ExtensibilityGlobals) = postSolution
		SolutionGuid = {CEFBC834-811C-4B1B-8D08-4F88AB89A99F}
	EndGlobalSection
EndGlobal
