
Microsoft Visual Studio Solution File, Format Version 12.00
# Visual Studio Version 16
VisualStudioVersion = 16.0.31702.278
MinimumVisualStudioVersion = 10.0.40219.1
Project("{FAE04EC0-301F-11D3-BF4B-00C04F79EFBC}") = "HW", "HW\HW.csproj", "{C41B8933-A9A7-4549-B7B1-E780E917E71B}"
EndProject
Global
	GlobalSection(SolutionConfigurationPlatforms) = preSolution
		Debug|Any CPU = Debug|Any CPU
		Release|Any CPU = Release|Any CPU
	EndGlobalSection
	GlobalSection(ProjectConfigurationPlatforms) = postSolution
		{C41B8933-A9A7-4549-B7B1-E780E917E71B}.Debug|Any CPU.ActiveCfg = Debug|Any CPU
		{C41B8933-A9A7-4549-B7B1-E780E917E71B}.Debug|Any CPU.Build.0 = Debug|Any CPU
		{C41B8933-A9A7-4549-B7B1-E780E917E71B}.Release|Any CPU.ActiveCfg = Release|Any CPU
		{C41B8933-A9A7-4549-B7B1-E780E917E71B}.Release|Any CPU.Build.0 = Release|Any CPU
	EndGlobalSection
	GlobalSection(SolutionProperties) = preSolution
		HideSolutionNode = FALSE
	EndGlobalSection
	GlobalSection(ExtensibilityGlobals) = postSolution
		SolutionGuid = {2349A7A9-AF5D-46C0-8B09-0DD4E9595347}
	EndGlobalSection
EndGlobal
