
Microsoft Visual Studio Solution File, Format Version 12.00
# Visual Studio Version 16
VisualStudioVersion = 16.0.31702.278
MinimumVisualStudioVersion = 10.0.40219.1
Project("{FAE04EC0-301F-11D3-BF4B-00C04F79EFBC}") = "Exceptions", "Exceptions\Exceptions.csproj", "{56177FC0-36B8-4E11-8766-1F1A1030FB9D}"
EndProject
Global
	GlobalSection(SolutionConfigurationPlatforms) = preSolution
		Debug|Any CPU = Debug|Any CPU
		Release|Any CPU = Release|Any CPU
	EndGlobalSection
	GlobalSection(ProjectConfigurationPlatforms) = postSolution
		{56177FC0-36B8-4E11-8766-1F1A1030FB9D}.Debug|Any CPU.ActiveCfg = Debug|Any CPU
		{56177FC0-36B8-4E11-8766-1F1A1030FB9D}.Debug|Any CPU.Build.0 = Debug|Any CPU
		{56177FC0-36B8-4E11-8766-1F1A1030FB9D}.Release|Any CPU.ActiveCfg = Release|Any CPU
		{56177FC0-36B8-4E11-8766-1F1A1030FB9D}.Release|Any CPU.Build.0 = Release|Any CPU
	EndGlobalSection
	GlobalSection(SolutionProperties) = preSolution
		HideSolutionNode = FALSE
	EndGlobalSection
	GlobalSection(ExtensibilityGlobals) = postSolution
		SolutionGuid = {4D29F1D8-A2A7-4D4D-AAB5-8A4BCB722F87}
	EndGlobalSection
EndGlobal
